
Microsoft Visual Studio Solution File, Format Version 12.00
# Visual Studio Version 17
VisualStudioVersion = 17.5.002.0
MinimumVisualStudioVersion = 10.0.40219.1
Project("{9A19103F-16F7-4668-BE54-9A1E7A4F7556}") = "7EducationalInheritance", "7EducationalInheritance.csproj", "{0D2CD31B-4260-4BA4-B6C3-43FD85B0515B}"
EndProject
Global
	GlobalSection(SolutionConfigurationPlatforms) = preSolution
		Debug|Any CPU = Debug|Any CPU
		Release|Any CPU = Release|Any CPU
	EndGlobalSection
	GlobalSection(ProjectConfigurationPlatforms) = postSolution
		{0D2CD31B-4260-4BA4-B6C3-43FD85B0515B}.Debug|Any CPU.ActiveCfg = Debug|Any CPU
		{0D2CD31B-4260-4BA4-B6C3-43FD85B0515B}.Debug|Any CPU.Build.0 = Debug|Any CPU
		{0D2CD31B-4260-4BA4-B6C3-43FD85B0515B}.Release|Any CPU.ActiveCfg = Release|Any CPU
		{0D2CD31B-4260-4BA4-B6C3-43FD85B0515B}.Release|Any CPU.Build.0 = Release|Any CPU
	EndGlobalSection
	GlobalSection(SolutionProperties) = preSolution
		HideSolutionNode = FALSE
	EndGlobalSection
	GlobalSection(ExtensibilityGlobals) = postSolution
		SolutionGuid = {95B24C6B-8025-4E81-B704-69A642E5D745}
	EndGlobalSection
EndGlobal
